
Microsoft Visual Studio Solution File, Format Version 12.00
# Visual Studio Version 17
VisualStudioVersion = 17.14.36930.0 d17.14
MinimumVisualStudioVersion = 10.0.40219.1
Project("{8BC9CEB8-8B4A-11D0-8D11-00A0C91BC942}") = "ConfigInicial", "ConfigInicial\ConfigInicial.vcxproj", "{195643C6-88B9-4A36-A03D-F8E0051C9DDE}"
EndProject
Global
	GlobalSection(SolutionConfigurationPlatforms) = preSolution
		Debug|x64 = Debug|x64
		Debug|x86 = Debug|x86
		Release|x64 = Release|x64
		Release|x86 = Release|x86
	EndGlobalSection
	GlobalSection(ProjectConfigurationPlatforms) = postSolution
		{195643C6-88B9-4A36-A03D-F8E0051C9DDE}.Debug|x64.ActiveCfg = Debug|x64
		{195643C6-88B9-4A36-A03D-F8E0051C9DDE}.Debug|x64.Build.0 = Debug|x64
		{195643C6-88B9-4A36-A03D-F8E0051C9DDE}.Debug|x86.ActiveCfg = Debug|Win32
		{195643C6-88B9-4A36-A03D-F8E0051C9DDE}.Debug|x86.Build.0 = Debug|Win32
		{195643C6-88B9-4A36-A03D-F8E0051C9DDE}.Release|x64.ActiveCfg = Release|x64
		{195643C6-88B9-4A36-A03D-F8E0051C9DDE}.Release|x64.Build.0 = Release|x64
		{195643C6-88B9-4A36-A03D-F8E0051C9DDE}.Release|x86.ActiveCfg = Release|Win32
		{195643C6-88B9-4A36-A03D-F8E0051C9DDE}.Release|x86.Build.0 = Release|Win32
	EndGlobalSection
	GlobalSection(SolutionProperties) = preSolution
		HideSolutionNode = FALSE
	EndGlobalSection
	GlobalSection(ExtensibilityGlobals) = postSolution
		SolutionGuid = {F5281EED-605E-42C9-9123-F93C284AE9B4}
	EndGlobalSection
EndGlobal
